
Microsoft Visual Studio Solution File, Format Version 12.00
# Visual Studio 15
VisualStudioVersion = 15.0.27130.2027
MinimumVisualStudioVersion = 10.0.40219.1
Project("{FAE04EC0-301F-11D3-BF4B-00C04F79EFBC}") = "App10.Android", "App10\App10.Android\App10.Android.csproj", "{7612595D-0FE8-476B-A58A-05AC209BB4A6}"
EndProject
Project("{FAE04EC0-301F-11D3-BF4B-00C04F79EFBC}") = "App10.iOS", "App10\App10.iOS\App10.iOS.csproj", "{76CD64E3-A6E5-460B-9E83-A7FD6FC3E6FB}"
EndProject
Project("{FAE04EC0-301F-11D3-BF4B-00C04F79EFBC}") = "App10.UWP", "App10\App10.UWP\App10.UWP.csproj", "{A5C7FDC4-3447-4A9C-BF14-E09E9F78B487}"
EndProject
Project("{D954291E-2A0B-460D-934E-DC6B0785DB48}") = "App10", "App10\App10\App10.shproj", "{B8BAA251-C357-4963-9111-5191BB279B14}"
EndProject
Global
	GlobalSection(SharedMSBuildProjectFiles) = preSolution
		App10\App10\App10.projitems*{7612595d-0fe8-476b-a58a-05ac209bb4a6}*SharedItemsImports = 4
		App10\App10\App10.projitems*{76cd64e3-a6e5-460b-9e83-a7fd6fc3e6fb}*SharedItemsImports = 4
		App10\App10\App10.projitems*{a5c7fdc4-3447-4a9c-bf14-e09e9f78b487}*SharedItemsImports = 4
		App10\App10\App10.projitems*{b8baa251-c357-4963-9111-5191bb279b14}*SharedItemsImports = 13
	EndGlobalSection
	GlobalSection(SolutionConfigurationPlatforms) = preSolution
		Ad-Hoc|Any CPU = Ad-Hoc|Any CPU
		Ad-Hoc|ARM = Ad-Hoc|ARM
		Ad-Hoc|iPhone = Ad-Hoc|iPhone
		Ad-Hoc|iPhoneSimulator = Ad-Hoc|iPhoneSimulator
		Ad-Hoc|x64 = Ad-Hoc|x64
		Ad-Hoc|x86 = Ad-Hoc|x86
		AppStore|Any CPU = AppStore|Any CPU
		AppStore|ARM = AppStore|ARM
		AppStore|iPhone = AppStore|iPhone
		AppStore|iPhoneSimulator = AppStore|iPhoneSimulator
		AppStore|x64 = AppStore|x64
		AppStore|x86 = AppStore|x86
		Debug|Any CPU = Debug|Any CPU
		Debug|ARM = Debug|ARM
		Debug|iPhone = Debug|iPhone
		Debug|iPhoneSimulator = Debug|iPhoneSimulator
		Debug|x64 = Debug|x64
		Debug|x86 = Debug|x86
		Release|Any CPU = Release|Any CPU
		Release|ARM = Release|ARM
		Release|iPhone = Release|iPhone
		Release|iPhoneSimulator = Release|iPhoneSimulator
		Release|x64 = Release|x64
		Release|x86 = Release|x86
	EndGlobalSection
	GlobalSection(ProjectConfigurationPlatforms) = postSolution
		{7612595D-0FE8-476B-A58A-05AC209BB4A6}.Ad-Hoc|Any CPU.ActiveCfg = Release|Any CPU
		{7612595D-0FE8-476B-A58A-05AC209BB4A6}.Ad-Hoc|Any CPU.Build.0 = Release|Any CPU
		{7612595D-0FE8-476B-A58A-05AC209BB4A6}.Ad-Hoc|Any CPU.Deploy.0 = Release|Any CPU
		{7612595D-0FE8-476B-A58A-05AC209BB4A6}.Ad-Hoc|ARM.ActiveCfg = Release|Any CPU
		{7612595D-0FE8-476B-A58A-05AC209BB4A6}.Ad-Hoc|ARM.Build.0 = Release|Any CPU
		{7612595D-0FE8-476B-A58A-05AC209BB4A6}.Ad-Hoc|ARM.Deploy.0 = Release|Any CPU
		{7612595D-0FE8-476B-A58A-05AC209BB4A6}.Ad-Hoc|iPhone.ActiveCfg = Release|Any CPU
		{7612595D-0FE8-476B-A58A-05AC209BB4A6}.Ad-Hoc|iPhone.Build.0 = Release|Any CPU
		{7612595D-0FE8-476B-A58A-05AC209BB4A6}.Ad-Hoc|iPhone.Deploy.0 = Release|Any CPU
		{7612595D-0FE8-476B-A58A-05AC209BB4A6}.Ad-Hoc|iPhoneSimulator.ActiveCfg = Release|Any CPU
		{7612595D-0FE8-476B-A58A-05AC209BB4A6}.Ad-Hoc|iPhoneSimulator.Build.0 = Release|Any CPU
		{7612595D-0FE8-476B-A58A-05AC209BB4A6}.Ad-Hoc|iPhoneSimulator.Deploy.0 = Release|Any CPU
		{7612595D-0FE8-476B-A58A-05AC209BB4A6}.Ad-Hoc|x64.ActiveCfg = Release|Any CPU
		{7612595D-0FE8-476B-A58A-05AC209BB4A6}.Ad-Hoc|x64.Build.0 = Release|Any CPU
		{7612595D-0FE8-476B-A58A-05AC209BB4A6}.Ad-Hoc|x64.Deploy.0 = Release|Any CPU
		{7612595D-0FE8-476B-A58A-05AC209BB4A6}.Ad-Hoc|x86.ActiveCfg = Release|Any CPU
		{7612595D-0FE8-476B-A58A-05AC209BB4A6}.Ad-Hoc|x86.Build.0 = Release|Any CPU
		{7612595D-0FE8-476B-A58A-05AC209BB4A6}.Ad-Hoc|x86.Deploy.0 = Release|Any CPU
		{7612595D-0FE8-476B-A58A-05AC209BB4A6}.AppStore|Any CPU.ActiveCfg = Release|Any CPU
		{7612595D-0FE8-476B-A58A-05AC209BB4A6}.AppStore|Any CPU.Build.0 = Release|Any CPU
		{7612595D-0FE8-476B-A58A-05AC209BB4A6}.AppStore|Any CPU.Deploy.0 = Release|Any CPU
		{7612595D-0FE8-476B-A58A-05AC209BB4A6}.AppStore|ARM.ActiveCfg = Release|Any CPU
		{7612595D-0FE8-476B-A58A-05AC209BB4A6}.AppStore|ARM.Build.0 = Release|Any CPU
		{7612595D-0FE8-476B-A58A-05AC209BB4A6}.AppStore|ARM.Deploy.0 = Release|Any CPU
		{7612595D-0FE8-476B-A58A-05AC209BB4A6}.AppStore|iPhone.ActiveCfg = Release|Any CPU
		{7612595D-0FE8-476B-A58A-05AC209BB4A6}.AppStore|iPhone.Build.0 = Release|Any CPU
		{7612595D-0FE8-476B-A58A-05AC209BB4A6}.AppStore|iPhone.Deploy.0 = Release|Any CPU
		{7612595D-0FE8-476B-A58A-05AC209BB4A6}.AppStore|iPhoneSimulator.ActiveCfg = Release|Any CPU
		{7612595D-0FE8-476B-A58A-05AC209BB4A6}.AppStore|iPhoneSimulator.Build.0 = Release|Any CPU
		{7612595D-0FE8-476B-A58A-05AC209BB4A6}.AppStore|iPhoneSimulator.Deploy.0 = Release|Any CPU
		{7612595D-0FE8-476B-A58A-05AC209BB4A6}.AppStore|x64.ActiveCfg = Release|Any CPU
		{7612595D-0FE8-476B-A58A-05AC209BB4A6}.AppStore|x64.Build.0 = Release|Any CPU
		{7612595D-0FE8-476B-A58A-05AC209BB4A6}.AppStore|x64.Deploy.0 = Release|Any CPU
		{7612595D-0FE8-476B-A58A-05AC209BB4A6}.AppStore|x86.ActiveCfg = Release|Any CPU
		{7612595D-0FE8-476B-A58A-05AC209BB4A6}.AppStore|x86.Build.0 = Release|Any CPU
		{7612595D-0FE8-476B-A58A-05AC209BB4A6}.AppStore|x86.Deploy.0 = Release|Any CPU
		{7612595D-0FE8-476B-A58A-05AC209BB4A6}.Debug|Any CPU.ActiveCfg = Debug|Any CPU
		{7612595D-0FE8-476B-A58A-05AC209BB4A6}.Debug|Any CPU.Build.0 = Debug|Any CPU
		{7612595D-0FE8-476B-A58A-05AC209BB4A6}.Debug|Any CPU.Deploy.0 = Debug|Any CPU
		{7612595D-0FE8-476B-A58A-05AC209BB4A6}.Debug|ARM.ActiveCfg = Debug|Any CPU
		{7612595D-0FE8-476B-A58A-05AC209BB4A6}.Debug|ARM.Build.0 = Debug|Any CPU
		{7612595D-0FE8-476B-A58A-05AC209BB4A6}.Debug|ARM.Deploy.0 = Debug|Any CPU
		{7612595D-0FE8-476B-A58A-05AC209BB4A6}.Debug|iPhone.ActiveCfg = Debug|Any CPU
		{7612595D-0FE8-476B-A58A-05AC209BB4A6}.Debug|iPhone.Build.0 = Debug|Any CPU
		{7612595D-0FE8-476B-A58A-05AC209BB4A6}.Debug|iPhone.Deploy.0 = Debug|Any CPU
		{7612595D-0FE8-476B-A58A-05AC209BB4A6}.Debug|iPhoneSimulator.ActiveCfg = Debug|Any CPU
		{7612595D-0FE8-476B-A58A-05AC209BB4A6}.Debug|iPhoneSimulator.Build.0 = Debug|Any CPU
		{7612595D-0FE8-476B-A58A-05AC209BB4A6}.Debug|iPhoneSimulator.Deploy.0 = Debug|Any CPU
		{7612595D-0FE8-476B-A58A-05AC209BB4A6}.Debug|x64.ActiveCfg = Debug|Any CPU
		{7612595D-0FE8-476B-A58A-05AC209BB4A6}.Debug|x64.Build.0 = Debug|Any CPU
		{7612595D-0FE8-476B-A58A-05AC209BB4A6}.Debug|x64.Deploy.0 = Debug|Any CPU
		{7612595D-0FE8-476B-A58A-05AC209BB4A6}.Debug|x86.ActiveCfg = Debug|Any CPU
		{7612595D-0FE8-476B-A58A-05AC209BB4A6}.Debug|x86.Build.0 = Debug|Any CPU
		{7612595D-0FE8-476B-A58A-05AC209BB4A6}.Debug|x86.Deploy.0 = Debug|Any CPU
		{7612595D-0FE8-476B-A58A-05AC209BB4A6}.Release|Any CPU.ActiveCfg = Release|Any CPU
		{7612595D-0FE8-476B-A58A-05AC209BB4A6}.Release|Any CPU.Build.0 = Release|Any CPU
		{7612595D-0FE8-476B-A58A-05AC209BB4A6}.Release|Any CPU.Deploy.0 = Release|Any CPU
		{7612595D-0FE8-476B-A58A-05AC209BB4A6}.Release|ARM.ActiveCfg = Release|Any CPU
		{7612595D-0FE8-476B-A58A-05AC209BB4A6}.Release|ARM.Build.0 = Release|Any CPU
		{7612595D-0FE8-476B-A58A-05AC209BB4A6}.Release|ARM.Deploy.0 = Release|Any CPU
		{7612595D-0FE8-476B-A58A-05AC209BB4A6}.Release|iPhone.ActiveCfg = Release|Any CPU
		{7612595D-0FE8-476B-A58A-05AC209BB4A6}.Release|iPhone.Build.0 = Release|Any CPU
		{7612595D-0FE8-476B-A58A-05AC209BB4A6}.Release|iPhone.Deploy.0 = Release|Any CPU
		{7612595D-0FE8-476B-A58A-05AC209BB4A6}.Release|iPhoneSimulator.ActiveCfg = Release|Any CPU
		{7612595D-0FE8-476B-A58A-05AC209BB4A6}.Release|iPhoneSimulator.Build.0 = Release|Any CPU
		{7612595D-0FE8-476B-A58A-05AC209BB4A6}.Release|iPhoneSimulator.Deploy.0 = Release|Any CPU
		{7612595D-0FE8-476B-A58A-05AC209BB4A6}.Release|x64.ActiveCfg = Release|Any CPU
		{7612595D-0FE8-476B-A58A-05AC209BB4A6}.Release|x64.Build.0 = Release|Any CPU
		{7612595D-0FE8-476B-A58A-05AC209BB4A6}.Release|x64.Deploy.0 = Release|Any CPU
		{7612595D-0FE8-476B-A58A-05AC209BB4A6}.Release|x86.ActiveCfg = Release|Any CPU
		{7612595D-0FE8-476B-A58A-05AC209BB4A6}.Release|x86.Build.0 = Release|Any CPU
		{7612595D-0FE8-476B-A58A-05AC209BB4A6}.Release|x86.Deploy.0 = Release|Any CPU
		{76CD64E3-A6E5-460B-9E83-A7FD6FC3E6FB}.Ad-Hoc|Any CPU.ActiveCfg = Ad-Hoc|iPhone
		{76CD64E3-A6E5-460B-9E83-A7FD6FC3E6FB}.Ad-Hoc|ARM.ActiveCfg = Ad-Hoc|iPhone
		{76CD64E3-A6E5-460B-9E83-A7FD6FC3E6FB}.Ad-Hoc|iPhone.ActiveCfg = Ad-Hoc|iPhone
		{76CD64E3-A6E5-460B-9E83-A7FD6FC3E6FB}.Ad-Hoc|iPhone.Build.0 = Ad-Hoc|iPhone
		{76CD64E3-A6E5-460B-9E83-A7FD6FC3E6FB}.Ad-Hoc|iPhoneSimulator.ActiveCfg = Ad-Hoc|iPhoneSimulator
		{76CD64E3-A6E5-460B-9E83-A7FD6FC3E6FB}.Ad-Hoc|iPhoneSimulator.Build.0 = Ad-Hoc|iPhoneSimulator
		{76CD64E3-A6E5-460B-9E83-A7FD6FC3E6FB}.Ad-Hoc|x64.ActiveCfg = Ad-Hoc|iPhone
		{76CD64E3-A6E5-460B-9E83-A7FD6FC3E6FB}.Ad-Hoc|x86.ActiveCfg = Ad-Hoc|iPhone
		{76CD64E3-A6E5-460B-9E83-A7FD6FC3E6FB}.AppStore|Any CPU.ActiveCfg = AppStore|iPhone
		{76CD64E3-A6E5-460B-9E83-A7FD6FC3E6FB}.AppStore|ARM.ActiveCfg = AppStore|iPhone
		{76CD64E3-A6E5-460B-9E83-A7FD6FC3E6FB}.AppStore|iPhone.ActiveCfg = AppStore|iPhone
		{76CD64E3-A6E5-460B-9E83-A7FD6FC3E6FB}.AppStore|iPhone.Build.0 = AppStore|iPhone
		{76CD64E3-A6E5-460B-9E83-A7FD6FC3E6FB}.AppStore|iPhoneSimulator.ActiveCfg = AppStore|iPhoneSimulator
		{76CD64E3-A6E5-460B-9E83-A7FD6FC3E6FB}.AppStore|iPhoneSimulator.Build.0 = AppStore|iPhoneSimulator
		{76CD64E3-A6E5-460B-9E83-A7FD6FC3E6FB}.AppStore|x64.ActiveCfg = AppStore|iPhone
		{76CD64E3-A6E5-460B-9E83-A7FD6FC3E6FB}.AppStore|x86.ActiveCfg = AppStore|iPhone
		{76CD64E3-A6E5-460B-9E83-A7FD6FC3E6FB}.Debug|Any CPU.ActiveCfg = Debug|iPhone
		{76CD64E3-A6E5-460B-9E83-A7FD6FC3E6FB}.Debug|ARM.ActiveCfg = Debug|iPhone
		{76CD64E3-A6E5-460B-9E83-A7FD6FC3E6FB}.Debug|iPhone.ActiveCfg = Debug|iPhone
		{76CD64E3-A6E5-460B-9E83-A7FD6FC3E6FB}.Debug|iPhone.Build.0 = Debug|iPhone
		{76CD64E3-A6E5-460B-9E83-A7FD6FC3E6FB}.Debug|iPhoneSimulator.ActiveCfg = Debug|iPhoneSimulator
		{76CD64E3-A6E5-460B-9E83-A7FD6FC3E6FB}.Debug|iPhoneSimulator.Build.0 = Debug|iPhoneSimulator
		{76CD64E3-A6E5-460B-9E83-A7FD6FC3E6FB}.Debug|x64.ActiveCfg = Debug|iPhone
		{76CD64E3-A6E5-460B-9E83-A7FD6FC3E6FB}.Debug|x86.ActiveCfg = Debug|iPhone
		{76CD64E3-A6E5-460B-9E83-A7FD6FC3E6FB}.Release|Any CPU.ActiveCfg = Release|iPhone
		{76CD64E3-A6E5-460B-9E83-A7FD6FC3E6FB}.Release|ARM.ActiveCfg = Release|iPhone
		{76CD64E3-A6E5-460B-9E83-A7FD6FC3E6FB}.Release|iPhone.ActiveCfg = Release|iPhone
		{76CD64E3-A6E5-460B-9E83-A7FD6FC3E6FB}.Release|iPhone.Build.0 = Release|iPhone
		{76CD64E3-A6E5-460B-9E83-A7FD6FC3E6FB}.Release|iPhoneSimulator.ActiveCfg = Release|iPhoneSimulator
		{76CD64E3-A6E5-460B-9E83-A7FD6FC3E6FB}.Release|iPhoneSimulator.Build.0 = Release|iPhoneSimulator
		{76CD64E3-A6E5-460B-9E83-A7FD6FC3E6FB}.Release|x64.ActiveCfg = Release|iPhone
		{76CD64E3-A6E5-460B-9E83-A7FD6FC3E6FB}.Release|x86.ActiveCfg = Release|iPhone
		{A5C7FDC4-3447-4A9C-BF14-E09E9F78B487}.Ad-Hoc|Any CPU.ActiveCfg = Release|x86
		{A5C7FDC4-3447-4A9C-BF14-E09E9F78B487}.Ad-Hoc|Any CPU.Build.0 = Release|x86
		{A5C7FDC4-3447-4A9C-BF14-E09E9F78B487}.Ad-Hoc|Any CPU.Deploy.0 = Release|x86
		{A5C7FDC4-3447-4A9C-BF14-E09E9F78B487}.Ad-Hoc|ARM.ActiveCfg = Release|ARM
		{A5C7FDC4-3447-4A9C-BF14-E09E9F78B487}.Ad-Hoc|ARM.Build.0 = Release|ARM
		{A5C7FDC4-3447-4A9C-BF14-E09E9F78B487}.Ad-Hoc|ARM.Deploy.0 = Release|ARM
		{A5C7FDC4-3447-4A9C-BF14-E09E9F78B487}.Ad-Hoc|iPhone.ActiveCfg = Release|x86
		{A5C7FDC4-3447-4A9C-BF14-E09E9F78B487}.Ad-Hoc|iPhone.Build.0 = Release|x86
		{A5C7FDC4-3447-4A9C-BF14-E09E9F78B487}.Ad-Hoc|iPhone.Deploy.0 = Release|x86
		{A5C7FDC4-3447-4A9C-BF14-E09E9F78B487}.Ad-Hoc|iPhoneSimulator.ActiveCfg = Release|x86
		{A5C7FDC4-3447-4A9C-BF14-E09E9F78B487}.Ad-Hoc|iPhoneSimulator.Build.0 = Release|x86
		{A5C7FDC4-3447-4A9C-BF14-E09E9F78B487}.Ad-Hoc|iPhoneSimulator.Deploy.0 = Release|x86
		{A5C7FDC4-3447-4A9C-BF14-E09E9F78B487}.Ad-Hoc|x64.ActiveCfg = Release|x64
		{A5C7FDC4-3447-4A9C-BF14-E09E9F78B487}.Ad-Hoc|x64.Build.0 = Release|x64
		{A5C7FDC4-3447-4A9C-BF14-E09E9F78B487}.Ad-Hoc|x64.Deploy.0 = Release|x64
		{A5C7FDC4-3447-4A9C-BF14-E09E9F78B487}.Ad-Hoc|x86.ActiveCfg = Release|x86
		{A5C7FDC4-3447-4A9C-BF14-E09E9F78B487}.Ad-Hoc|x86.Build.0 = Release|x86
		{A5C7FDC4-3447-4A9C-BF14-E09E9F78B487}.Ad-Hoc|x86.Deploy.0 = Release|x86
		{A5C7FDC4-3447-4A9C-BF14-E09E9F78B487}.AppStore|Any CPU.ActiveCfg = Release|x86
		{A5C7FDC4-3447-4A9C-BF14-E09E9F78B487}.AppStore|Any CPU.Build.0 = Release|x86
		{A5C7FDC4-3447-4A9C-BF14-E09E9F78B487}.AppStore|Any CPU.Deploy.0 = Release|x86
		{A5C7FDC4-3447-4A9C-BF14-E09E9F78B487}.AppStore|ARM.ActiveCfg = Release|ARM
		{A5C7FDC4-3447-4A9C-BF14-E09E9F78B487}.AppStore|ARM.Build.0 = Release|ARM
		{A5C7FDC4-3447-4A9C-BF14-E09E9F78B487}.AppStore|ARM.Deploy.0 = Release|ARM
		{A5C7FDC4-3447-4A9C-BF14-E09E9F78B487}.AppStore|iPhone.ActiveCfg = Release|x86
		{A5C7FDC4-3447-4A9C-BF14-E09E9F78B487}.AppStore|iPhone.Build.0 = Release|x86
		{A5C7FDC4-3447-4A9C-BF14-E09E9F78B487}.AppStore|iPhone.Deploy.0 = Release|x86
		{A5C7FDC4-3447-4A9C-BF14-E09E9F78B487}.AppStore|iPhoneSimulator.ActiveCfg = Release|x86
		{A5C7FDC4-3447-4A9C-BF14-E09E9F78B487}.AppStore|iPhoneSimulator.Build.0 = Release|x86
		{A5C7FDC4-3447-4A9C-BF14-E09E9F78B487}.AppStore|iPhoneSimulator.Deploy.0 = Release|x86
		{A5C7FDC4-3447-4A9C-BF14-E09E9F78B487}.AppStore|x64.ActiveCfg = Release|x64
		{A5C7FDC4-3447-4A9C-BF14-E09E9F78B487}.AppStore|x64.Build.0 = Release|x64
		{A5C7FDC4-3447-4A9C-BF14-E09E9F78B487}.AppStore|x64.Deploy.0 = Release|x64
		{A5C7FDC4-3447-4A9C-BF14-E09E9F78B487}.AppStore|x86.ActiveCfg = Release|x86
		{A5C7FDC4-3447-4A9C-BF14-E09E9F78B487}.AppStore|x86.Build.0 = Release|x86
		{A5C7FDC4-3447-4A9C-BF14-E09E9F78B487}.AppStore|x86.Deploy.0 = Release|x86
		{A5C7FDC4-3447-4A9C-BF14-E09E9F78B487}.Debug|Any CPU.ActiveCfg = Debug|x86
		{A5C7FDC4-3447-4A9C-BF14-E09E9F78B487}.Debug|ARM.ActiveCfg = Debug|ARM
		{A5C7FDC4-3447-4A9C-BF14-E09E9F78B487}.Debug|ARM.Build.0 = Debug|ARM
		{A5C7FDC4-3447-4A9C-BF14-E09E9F78B487}.Debug|ARM.Deploy.0 = Debug|ARM
		{A5C7FDC4-3447-4A9C-BF14-E09E9F78B487}.Debug|iPhone.ActiveCfg = Debug|x86
		{A5C7FDC4-3447-4A9C-BF14-E09E9F78B487}.Debug|iPhoneSimulator.ActiveCfg = Debug|x86
		{A5C7FDC4-3447-4A9C-BF14-E09E9F78B487}.Debug|x64.ActiveCfg = Debug|x64
		{A5C7FDC4-3447-4A9C-BF14-E09E9F78B487}.Debug|x64.Build.0 = Debug|x64
		{A5C7FDC4-3447-4A9C-BF14-E09E9F78B487}.Debug|x64.Deploy.0 = Debug|x64
		{A5C7FDC4-3447-4A9C-BF14-E09E9F78B487}.Debug|x86.ActiveCfg = Debug|x86
		{A5C7FDC4-3447-4A9C-BF14-E09E9F78B487}.Debug|x86.Build.0 = Debug|x86
		{A5C7FDC4-3447-4A9C-BF14-E09E9F78B487}.Debug|x86.Deploy.0 = Debug|x86
		{A5C7FDC4-3447-4A9C-BF14-E09E9F78B487}.Release|Any CPU.ActiveCfg = Release|x86
		{A5C7FDC4-3447-4A9C-BF14-E09E9F78B487}.Release|ARM.ActiveCfg = Release|ARM
		{A5C7FDC4-3447-4A9C-BF14-E09E9F78B487}.Release|ARM.Build.0 = Release|ARM
		{A5C7FDC4-3447-4A9C-BF14-E09E9F78B487}.Release|ARM.Deploy.0 = Release|ARM
		{A5C7FDC4-3447-4A9C-BF14-E09E9F78B487}.Release|iPhone.ActiveCfg = Release|x86
		{A5C7FDC4-3447-4A9C-BF14-E09E9F78B487}.Release|iPhoneSimulator.ActiveCfg = Release|x86
		{A5C7FDC4-3447-4A9C-BF14-E09E9F78B487}.Release|x64.ActiveCfg = Release|x64
		{A5C7FDC4-3447-4A9C-BF14-E09E9F78B487}.Release|x64.Build.0 = Release|x64
		{A5C7FDC4-3447-4A9C-BF14-E09E9F78B487}.Release|x64.Deploy.0 = Release|x64
		{A5C7FDC4-3447-4A9C-BF14-E09E9F78B487}.Release|x86.ActiveCfg = Release|x86
		{A5C7FDC4-3447-4A9C-BF14-E09E9F78B487}.Release|x86.Build.0 = Release|x86
		{A5C7FDC4-3447-4A9C-BF14-E09E9F78B487}.Release|x86.Deploy.0 = Release|x86
	EndGlobalSection
	GlobalSection(SolutionProperties) = preSolution
		HideSolutionNode = FALSE
	EndGlobalSection
	GlobalSection(ExtensibilityGlobals) = postSolution
		SolutionGuid = {AFFD2E87-FAFA-49E7-8CDF-C4AD4F0D5998}
	EndGlobalSection
EndGlobal
